{
  "lockfileVersion": 1,
  "workspaces": {
    "": {
      "name": "song-preview-canvas",
      "dependencies": {
        "@napi-rs/canvas": "^0.1.70",
      },
      "devDependencies": {
        "@types/bun": "latest",
      },
      "peerDependencies": {
        "typescript": "^5.8.3",
      },
    },
  },
  "packages": {
    "@napi-rs/canvas": ["@napi-rs/canvas@0.1.70", "", { "optionalDependencies": { "@napi-rs/canvas-android-arm64": "0.1.70", "@napi-rs/canvas-darwin-arm64": "0.1.70", "@napi-rs/canvas-darwin-x64": "0.1.70", "@napi-rs/canvas-linux-arm-gnueabihf": "0.1.70", "@napi-rs/canvas-linux-arm64-gnu": "0.1.70", "@napi-rs/canvas-linux-arm64-musl": "0.1.70", "@napi-rs/canvas-linux-riscv64-gnu": "0.1.70", "@napi-rs/canvas-linux-x64-gnu": "0.1.70", "@napi-rs/canvas-linux-x64-musl": "0.1.70", "@napi-rs/canvas-win32-x64-msvc": "0.1.70" } }, "sha512-nD6NGa4JbNYSZYsTnLGrqe9Kn/lCkA4ybXt8sx5ojDqZjr2i0TWAHxx/vhgfjX+i3hCdKWufxYwi7CfXqtITSA=="],

    "@napi-rs/canvas-android-arm64": ["@napi-rs/canvas-android-arm64@0.1.70", "", { "os": "android", "cpu": "arm64" }, "sha512-I/YOuQ0wbkVYxVaYtCgN42WKTYxNqFA0gTcTrHIGG1jfpDSyZWII/uHcjOo4nzd19io6Y4+/BqP8E5hJgf9OmQ=="],

    "@napi-rs/canvas-darwin-arm64": ["@napi-rs/canvas-darwin-arm64@0.1.70", "", { "os": "darwin", "cpu": "arm64" }, "sha512-4pPGyXetHIHkw2TOJHujt3mkCP8LdDu8+CT15ld9Id39c752RcI0amDHSuMLMQfAjvusA9B5kKxazwjMGjEJpQ=="],

    "@napi-rs/canvas-darwin-x64": ["@napi-rs/canvas-darwin-x64@0.1.70", "", { "os": "darwin", "cpu": "x64" }, "sha512-+2N6Os9LbkmDMHL+raknrUcLQhsXzc5CSXRbXws9C3pv/mjHRVszQ9dhFUUe9FjfPhCJznO6USVdwOtu7pOrzQ=="],

    "@napi-rs/canvas-linux-arm-gnueabihf": ["@napi-rs/canvas-linux-arm-gnueabihf@0.1.70", "", { "os": "linux", "cpu": "arm" }, "sha512-QjscX9OaKq/990sVhSMj581xuqLgiaPVMjjYvWaCmAJRkNQ004QfoSMEm3FoTqM4DRoquP8jvuEXScVJsc1rqQ=="],

    "@napi-rs/canvas-linux-arm64-gnu": ["@napi-rs/canvas-linux-arm64-gnu@0.1.70", "", { "os": "linux", "cpu": "arm64" }, "sha512-LNakMOwwqwiHIwMpnMAbFRczQMQ7TkkMyATqFCOtUJNlE6LPP/QiUj/mlFrNbUn/hctqShJ60gWEb52ZTALbVw=="],

    "@napi-rs/canvas-linux-arm64-musl": ["@napi-rs/canvas-linux-arm64-musl@0.1.70", "", { "os": "linux", "cpu": "arm64" }, "sha512-wBTOllEYNfJCHOdZj9v8gLzZ4oY3oyPX8MSRvaxPm/s7RfEXxCyZ8OhJ5xAyicsDdbE5YBZqdmaaeP5+xKxvtg=="],

    "@napi-rs/canvas-linux-riscv64-gnu": ["@napi-rs/canvas-linux-riscv64-gnu@0.1.70", "", { "os": "linux", "cpu": "none" }, "sha512-GVUUPC8TuuFqHip0rxHkUqArQnlzmlXmTEBuXAWdgCv85zTCFH8nOHk/YCF5yo0Z2eOm8nOi90aWs0leJ4OE5Q=="],

    "@napi-rs/canvas-linux-x64-gnu": ["@napi-rs/canvas-linux-x64-gnu@0.1.70", "", { "os": "linux", "cpu": "x64" }, "sha512-/kvUa2lZRwGNyfznSn5t1ShWJnr/m5acSlhTV3eXECafObjl0VBuA1HJw0QrilLpb4Fe0VLywkpD1NsMoVDROQ=="],

    "@napi-rs/canvas-linux-x64-musl": ["@napi-rs/canvas-linux-x64-musl@0.1.70", "", { "os": "linux", "cpu": "x64" }, "sha512-aqlv8MLpycoMKRmds7JWCfVwNf1fiZxaU7JwJs9/ExjTD8lX2KjsO7CTeAj5Cl4aEuzxUWbJPUUE2Qu9cZ1vfg=="],

    "@napi-rs/canvas-win32-x64-msvc": ["@napi-rs/canvas-win32-x64-msvc@0.1.70", "", { "os": "win32", "cpu": "x64" }, "sha512-Q9QU3WIpwBTVHk4cPfBjGHGU4U0llQYRXgJtFtYqqGNEOKVN4OT6PQ+ve63xwIPODMpZ0HHyj/KLGc9CWc3EtQ=="],

    "@types/bun": ["@types/bun@1.2.13", "", { "dependencies": { "bun-types": "1.2.13" } }, "sha512-u6vXep/i9VBxoJl3GjZsl/BFIsvML8DfVDO0RYLEwtSZSp981kEO1V5NwRcO1CPJ7AmvpbnDCiMKo3JvbDEjAg=="],

    "@types/node": ["@types/node@22.15.19", "", { "dependencies": { "undici-types": "~6.21.0" } }, "sha512-3vMNr4TzNQyjHcRZadojpRaD9Ofr6LsonZAoQ+HMUa/9ORTPoxVIw0e0mpqWpdjj8xybyCM+oKOUH2vwFu/oEw=="],

    "bun-types": ["bun-types@1.2.13", "", { "dependencies": { "@types/node": "*" } }, "sha512-rRjA1T6n7wto4gxhAO/ErZEtOXyEZEmnIHQfl0Dt1QQSB4QV0iP6BZ9/YB5fZaHFQ2dwHFrmPaRQ9GGMX01k9Q=="],

    "typescript": ["typescript@5.8.3", "", { "bin": { "tsc": "bin/tsc", "tsserver": "bin/tsserver" } }, "sha512-p1diW6TqL9L07nNxvRMM7hMMw4c5XOo/1ibL4aAIGmSAt9slTE1Xgw5KWuof2uTOvCg9BY7ZRi+GaF+7sfgPeQ=="],

    "undici-types": ["undici-types@6.21.0", "", {}, "sha512-iwDZqg0QAGrg9Rav5H4n0M64c3mkR59cJ6wQp+7C4nI0gsmExaedaYLNO44eT4AtBBwjbTiGPMlt2Md0T9H9JQ=="],
  }
}
